<Solution>
  <Project Path="src/Chow.Cli/Chow.Repl.csproj" />
  <Project Path="src/Chow/Chow.Interpreter.csproj" />
  <Project Path="tests/Chow.Interpreter.ImplementationTests/Chow.Interpreter.ImplementationTests.csproj" Id="5999df96-29b6-4f96-8cd0-479e1c4cf0da" />
  <Project Path="tests/Chow.Tests/Chow.Tests.csproj" />
</Solution>
